// !$*UTF8*$!
{
	archiveVersion = 1;
	classes = {
	};
	objectVersion = 48;
	objects = {

/* Begin PBXBuildFile section */
		42805EF22206955B006605B6 /* AppDelegate.swift in Sources */ = {isa = PBXBuildFile; fileRef = 42805EF12206955B006605B6 /* AppDelegate.swift */; };
		42805EF42206955B006605B6 /* ViewController.swift in Sources */ = {isa = PBXBuildFile; fileRef = 42805EF32206955B006605B6 /* ViewController.swift */; };
		42805EF72206955B006605B6 /* Main.storyboard in Resources */ = {isa = PBXBuildFile; fileRef = 42805EF52206955B006605B6 /* Main.storyboard */; };
		42805EF92206955B006605B6 /* Assets.xcassets in Resources */ = {isa = PBXBuildFile; fileRef = 42805EF82206955B006605B6 /* Assets.xcassets */; };
		42805EFC2206955B006605B6 /* LaunchScreen.storyboard in Resources */ = {isa = PBXBuildFile; fileRef = 42805EFA2206955B006605B6 /* LaunchScreen.storyboard */; };
		42805F072206955B006605B6 /* GululiTests.swift in Sources */ = {isa = PBXBuildFile; fileRef = 42805F062206955B006605B6 /* GululiTests.swift */; };
		42805F122206955B006605B6 /* GululiUITests.swift in Sources */ = {isa = PBXBuildFile; fileRef = 42805F112206955B006605B6 /* GululiUITests.swift */; };
/* End PBXBuildFile section */

/* Begin PBXContainerItemProxy section */
		42805F032206955B006605B6 /* PBXContainerItemProxy */ = {
			isa = PBXContainerItemProxy;
			containerPortal = 42805EE62206955B006605B6 /* Project object */;
			proxyType = 1;
			remoteGlobalIDString = 42805EED2206955B006605B6;
			remoteInfo = Gululi;
		};
		42805F0E2206955B006605B6 /* PBXContainerItemProxy */ = {
			isa = PBXContainerItemProxy;
			containerPortal = 42805EE62206955B006605B6 /* Project object */;
			proxyType = 1;
			remoteGlobalIDString = 42805EED2206955B006605B6;
			remoteInfo = Gululi;
		};
/* End PBXContainerItemProxy section */

/* Begin PBXFileReference section */
		42805EEE2206955B006605B6 /* Gululi.app */ = {isa = PBXFileReference; explicitFileType = wrapper.application; includeInIndex = 0; path = Gululi.app; sourceTree = BUILT_PRODUCTS_DIR; };
		42805EF12206955B006605B6 /* AppDelegate.swift */ = {isa = PBXFileReference; lastKnownFileType = sourcecode.swift; path = AppDelegate.swift; sourceTree = "<group>"; };
		42805EF32206955B006605B6 /* ViewController.swift */ = {isa = PBXFileReference; lastKnownFileType = sourcecode.swift; path = ViewController.swift; sourceTree = "<group>"; };
		42805EF62206955B006605B6 /* Base */ = {isa = PBXFileReference; lastKnownFileType = file.storyboard; name = Base; path = Base.lproj/Main.storyboard; sourceTree = "<group>"; };
		42805EF82206955B006605B6 /* Assets.xcassets */ = {isa = PBXFileReference; lastKnownFileType = folder.assetcatalog; path = Assets.xcassets; sourceTree = "<group>"; };
		42805EFB2206955B006605B6 /* Base */ = {isa = PBXFileReference; lastKnownFileType = file.storyboard; name = Base; path = Base.lproj/LaunchScreen.storyboard; sourceTree = "<group>"; };
		42805EFD2206955B006605B6 /* Info.plist */ = {isa = PBXFileReference; lastKnownFileType = text.plist.xml; path = Info.plist; sourceTree = "<group>"; };
		42805F022206955B006605B6 /* GululiTests.xctest */ = {isa = PBXFileReference; explicitFileType = wrapper.cfbundle; includeInIndex = 0; path = GululiTests.xctest; sourceTree = BUILT_PRODUCTS_DIR; };
		42805F062206955B006605B6 /* GululiTests.swift */ = {isa = PBXFileReference; lastKnownFileType = sourcecode.swift; path = GululiTests.swift; sourceTree = "<group>"; };
		42805F082206955B006605B6 /* Info.plist */ = {isa = PBXFileReference; lastKnownFileType = text.plist.xml; path = Info.plist; sourceTree = "<group>"; };
		42805F0D2206955B006605B6 /* GululiUITests.xctest */ = {isa = PBXFileReference; explicitFileType = wrapper.cfbundle; includeInIndex = 0; path = GululiUITests.xctest; sourceTree = BUILT_PRODUCTS_DIR; };
		42805F112206955B006605B6 /* GululiUITests.swift */ = {isa = PBXFileReference; lastKnownFileType = sourcecode.swift; path = GululiUITests.swift; sourceTree = "<group>"; };
		42805F132206955B006605B6 /* Info.plist */ = {isa = PBXFileReference; lastKnownFileType = text.plist.xml; path = Info.plist; sourceTree = "<group>"; };
/* End PBXFileReference section */

/* Begin PBXFrameworksBuildPhase section */
		42805EEB2206955B006605B6 /* Frameworks */ = {
			isa = PBXFrameworksBuildPhase;
			buildActionMask = 2147483647;
			files = (
			);
			runOnlyForDeploymentPostprocessing = 0;
		};
		42805EFF2206955B006605B6 /* Frameworks */ = {
			isa = PBXFrameworksBuildPhase;
			buildActionMask = 2147483647;
			files = (
			);
			runOnlyForDeploymentPostprocessing = 0;
		};
		42805F0A2206955B006605B6 /* Frameworks */ = {
			isa = PBXFrameworksBuildPhase;
			buildActionMask = 2147483647;
			files = (
			);
			runOnlyForDeploymentPostprocessing = 0;
		};
/* End PBXFrameworksBuildPhase section */

/* Begin PBXGroup section */
		42805EE52206955B006605B6 = {
			isa = PBXGroup;
			children = (
				42805EF02206955B006605B6 /* Gululi */,
				42805F052206955B006605B6 /* GululiTests */,
				42805F102206955B006605B6 /* GululiUITests */,
				42805EEF2206955B006605B6 /* Products */,
			);
			sourceTree = "<group>";
		};
		42805EEF2206955B006605B6 /* Products */ = {
			isa = PBXGroup;
			children = (
				42805EEE2206955B006605B6 /* Gululi.app */,
				42805F022206955B006605B6 /* GululiTests.xctest */,
				42805F0D2206955B006605B6 /* GululiUITests.xctest */,
			);
			name = Products;
			sourceTree = "<group>";
		};
		42805EF02206955B006605B6 /* Gululi */ = {
			isa = PBXGroup;
			children = (
				42805EF12206955B006605B6 /* AppDelegate.swift */,
				42805EF32206955B006605B6 /* ViewController.swift */,
				42805EF52206955B006605B6 /* Main.storyboard */,
				42805EF82206955B006605B6 /* Assets.xcassets */,
				42805EFA2206955B006605B6 /* LaunchScreen.storyboard */,
				42805EFD2206955B006605B6 /* Info.plist */,
			);
			path = Gululi;
			sourceTree = "<group>";
		};
		42805F052206955B006605B6 /* GululiTests */ = {
			isa = PBXGroup;
			children = (
				42805F062206955B006605B6 /* GululiTests.swift */,
				42805F082206955B006605B6 /* Info.plist */,
			);
			path = GululiTests;
			sourceTree = "<group>";
		};
		42805F102206955B006605B6 /* GululiUITests */ = {
			isa = PBXGroup;
			children = (
				42805F112206955B006605B6 /* GululiUITests.swift */,
				42805F132206955B006605B6 /* Info.plist */,
			);
			path = GululiUITests;
			sourceTree = "<group>";
		};
/* End PBXGroup section */

/* Begin PBXNativeTarget section */
		42805EED2206955B006605B6 /* Gululi */ = {
			isa = PBXNativeTarget;
			buildConfigurationList = 42805F162206955B006605B6 /* Build configuration list for PBXNativeTarget "Gululi" */;
			buildPhases = (
				42805EEA2206955B006605B6 /* Sources */,
				42805EEB2206955B006605B6 /* Frameworks */,
				42805EEC2206955B006605B6 /* Resources */,
			);
			buildRules = (
			);
			dependencies = (
			);
			name = Gululi;
			productName = Gululi;
			productReference = 42805EEE2206955B006605B6 /* Gululi.app */;
			productType = "com.apple.product-type.application";
		};
		42805F012206955B006605B6 /* GululiTests */ = {
			isa = PBXNativeTarget;
			buildConfigurationList = 42805F192206955B006605B6 /* Build configuration list for PBXNativeTarget "GululiTests" */;
			buildPhases = (
				42805EFE2206955B006605B6 /* Sources */,
				42805EFF2206955B006605B6 /* Frameworks */,
				42805F002206955B006605B6 /* Resources */,
			);
			buildRules = (
			);
			dependencies = (
				42805F042206955B006605B6 /* PBXTargetDependency */,
			);
			name = GululiTests;
			productName = GululiTests;
			productReference = 42805F022206955B006605B6 /* GululiTests.xctest */;
			productType = "com.apple.product-type.bundle.unit-test";
		};
		42805F0C2206955B006605B6 /* GululiUITests */ = {
			isa = PBXNativeTarget;
			buildConfigurationList = 42805F1C2206955B006605B6 /* Build configuration list for PBXNativeTarget "GululiUITests" */;
			buildPhases = (
				42805F092206955B006605B6 /* Sources */,
				42805F0A2206955B006605B6 /* Frameworks */,
				42805F0B2206955B006605B6 /* Resources */,
			);
			buildRules = (
			);
			dependencies = (
				42805F0F2206955B006605B6 /* PBXTargetDependency */,
			);
			name = GululiUITests;
			productName = GululiUITests;
			productReference = 42805F0D2206955B006605B6 /* GululiUITests.xctest */;
			productType = "com.apple.product-type.bundle.ui-testing";
		};
/* End PBXNativeTarget section */

/* Begin PBXProject section */
		42805EE62206955B006605B6 /* Project object */ = {
			isa = PBXProject;
			attributes = {
				LastSwiftUpdateCheck = 0920;
				LastUpgradeCheck = 0920;
				ORGANIZATIONNAME = gululi;
				TargetAttributes = {
					42805EED2206955B006605B6 = {
						CreatedOnToolsVersion = 9.2;
						ProvisioningStyle = Automatic;
					};
					42805F012206955B006605B6 = {
						CreatedOnToolsVersion = 9.2;
						ProvisioningStyle = Automatic;
						TestTargetID = 42805EED2206955B006605B6;
					};
					42805F0C2206955B006605B6 = {
						CreatedOnToolsVersion = 9.2;
						ProvisioningStyle = Automatic;
						TestTargetID = 42805EED2206955B006605B6;
					};
				};
			};
			buildConfigurationList = 42805EE92206955B006605B6 /* Build configuration list for PBXProject "Gululi" */;
			compatibilityVersion = "Xcode 8.0";
			developmentRegion = en;
			hasScannedForEncodings = 0;
			knownRegions = (
				en,
				Base,
			);
			mainGroup = 42805EE52206955B006605B6;
			productRefGroup = 42805EEF2206955B006605B6 /* Products */;
			projectDirPath = "";
			projectRoot = "";
			targets = (
				42805EED2206955B006605B6 /* Gululi */,
				42805F012206955B006605B6 /* GululiTests */,
				42805F0C2206955B006605B6 /* GululiUITests */,
			);
		};
/* End PBXProject section */

/* Begin PBXResourcesBuildPhase section */
		42805EEC2206955B006605B6 /* Resources */ = {
			isa = PBXResourcesBuildPhase;
			buildActionMask = 2147483647;
			files = (
				42805EFC2206955B006605B6 /* LaunchScreen.storyboard in Resources */,
				42805EF92206955B006605B6 /* Assets.xcassets in Resources */,
				42805EF72206955B006605B6 /* Main.storyboard in Resources */,
			);
			runOnlyForDeploymentPostprocessing = 0;
		};
		42805F002206955B006605B6 /* Resources */ = {
			isa = PBXResourcesBuildPhase;
			buildActionMask = 2147483647;
			files = (
			);
			runOnlyForDeploymentPostprocessing = 0;
		};
		42805F0B2206955B006605B6 /* Resources */ = {
			isa = PBXResourcesBuildPhase;
			buildActionMask = 2147483647;
			files = (
			);
			runOnlyForDeploymentPostprocessing = 0;
		};
/* End PBXResourcesBuildPhase section */

/* Begin PBXSourcesBuildPhase section */
		42805EEA2206955B006605B6 /* Sources */ = {
			isa = PBXSourcesBuildPhase;
			buildActionMask = 2147483647;
			files = (
				42805EF42206955B006605B6 /* ViewController.swift in Sources */,
				42805EF22206955B006605B6 /* AppDelegate.swift in Sources */,
			);
			runOnlyForDeploymentPostprocessing = 0;
		};
		42805EFE2206955B006605B6 /* Sources */ = {
			isa = PBXSourcesBuildPhase;
			buildActionMask = 2147483647;
			files = (
				42805F072206955B006605B6 /* GululiTests.swift in Sources */,
			);
			runOnlyForDeploymentPostprocessing = 0;
		};
		42805F092206955B006605B6 /* Sources */ = {
			isa = PBXSourcesBuildPhase;
			buildActionMask = 2147483647;
			files = (
				42805F122206955B006605B6 /* GululiUITests.swift in Sources */,
			);
			runOnlyForDeploymentPostprocessing = 0;
		};
/* End PBXSourcesBuildPhase section */

/* Begin PBXTargetDependency section */
		42805F042206955B006605B6 /* PBXTargetDependency */ = {
			isa = PBXTargetDependency;
			target = 42805EED2206955B006605B6 /* Gululi */;
			targetProxy = 42805F032206955B006605B6 /* PBXContainerItemProxy */;
		};
		42805F0F2206955B006605B6 /* PBXTargetDependency */ = {
			isa = PBXTargetDependency;
			target = 42805EED2206955B006605B6 /* Gululi */;
			targetProxy = 42805F0E2206955B006605B6 /* PBXContainerItemProxy */;
		};
/* End PBXTargetDependency section */

/* Begin PBXVariantGroup section */
		42805EF52206955B006605B6 /* Main.storyboard */ = {
			isa = PBXVariantGroup;
			children = (
				42805EF62206955B006605B6 /* Base */,
			);
			name = Main.storyboard;
			sourceTree = "<group>";
		};
		42805EFA2206955B006605B6 /* LaunchScreen.storyboard */ = {
			isa = PBXVariantGroup;
			children = (
				42805EFB2206955B006605B6 /* Base */,
			);
			name = LaunchScreen.storyboard;
			sourceTree = "<group>";
		};
/* End PBXVariantGroup section */

/* Begin XCBuildConfiguration section */
		42805F142206955B006605B6 /* Debug */ = {
			isa = XCBuildConfiguration;
			buildSettings = {
				ALWAYS_SEARCH_USER_PATHS = NO;
				CLANG_ANALYZER_NONNULL = YES;
				CLANG_ANALYZER_NUMBER_OBJECT_CONVERSION = YES_AGGRESSIVE;
				CLANG_CXX_LANGUAGE_STANDARD = "gnu++14";
				CLANG_CXX_LIBRARY = "libc++";
				CLANG_ENABLE_MODULES = YES;
				CLANG_ENABLE_OBJC_ARC = YES;
				CLANG_WARN_BLOCK_CAPTURE_AUTORELEASING = YES;
				CLANG_WARN_BOOL_CONVERSION = YES;
				CLANG_WARN_COMMA = YES;
				CLANG_WARN_CONSTANT_CONVERSION = YES;
				CLANG_WARN_DIRECT_OBJC_ISA_USAGE = YES_ERROR;
				CLANG_WARN_DOCUMENTATION_COMMENTS = YES;
				CLANG_WARN_EMPTY_BODY = YES;
				CLANG_WARN_ENUM_CONVERSION = YES;
				CLANG_WARN_INFINITE_RECURSION = YES;
				CLANG_WARN_INT_CONVERSION = YES;
				CLANG_WARN_NON_LITERAL_NULL_CONVERSION = YES;
				CLANG_WARN_OBJC_LITERAL_CONVERSION = YES;
				CLANG_WARN_OBJC_ROOT_CLASS = YES_ERROR;
				CLANG_WARN_RANGE_LOOP_ANALYSIS = YES;
				CLANG_WARN_STRICT_PROTOTYPES = YES;
				CLANG_WARN_SUSPICIOUS_MOVE = YES;
				CLANG_WARN_UNGUARDED_AVAILABILITY = YES_AGGRESSIVE;
				CLANG_WARN_UNREACHABLE_CODE = YES;
				CLANG_WARN__DUPLICATE_METHOD_MATCH = YES;
				CODE_SIGN_IDENTITY = "iPhone Developer";
				COPY_PHASE_STRIP = NO;
				DEBUG_INFORMATION_FORMAT = dwarf;
				ENABLE_STRICT_OBJC_MSGSEND = YES;
				ENABLE_TESTABILITY = YES;
				GCC_C_LANGUAGE_STANDARD = gnu11;
				GCC_DYNAMIC_NO_PIC = NO;
				GCC_NO_COMMON_BLOCKS = YES;
				GCC_OPTIMIZATION_LEVEL = 0;
				GCC_PREPROCESSOR_DEFINITIONS = (
					"DEBUG=1",
					"$(inherited)",
				);
				GCC_WARN_64_TO_32_BIT_CONVERSION = YES;
				GCC_WARN_ABOUT_RETURN_TYPE = YES_ERROR;
				GCC_WARN_UNDECLARED_SELECTOR = YES;
				GCC_WARN_UNINITIALIZED_AUTOS = YES_AGGRESSIVE;
				GCC_WARN_UNUSED_FUNCTION = YES;
				GCC_WARN_UNUSED_VARIABLE = YES;
				IPHONEOS_DEPLOYMENT_TARGET = 11.2;
				MTL_ENABLE_DEBUG_INFO = YES;
				ONLY_ACTIVE_ARCH = YES;
				SDKROOT = iphoneos;
				SWIFT_ACTIVE_COMPILATION_CONDITIONS = DEBUG;
				SWIFT_OPTIMIZATION_LEVEL = "-Onone";
			};
			name = Debug;
		};
		42805F152206955B006605B6 /* Release */ = {
			isa = XCBuildConfiguration;
			buildSettings = {
				ALWAYS_SEARCH_USER_PATHS = NO;
				CLANG_ANALYZER_NONNULL = YES;
				CLANG_ANALYZER_NUMBER_OBJECT_CONVERSION = YES_AGGRESSIVE;
				CLANG_CXX_LANGUAGE_STANDARD = "gnu++14";
				CLANG_CXX_LIBRARY = "libc++";
				CLANG_ENABLE_MODULES = YES;
				CLANG_ENABLE_OBJC_ARC = YES;
				CLANG_WARN_BLOCK_CAPTURE_AUTORELEASING = YES;
				CLANG_WARN_BOOL_CONVERSION = YES;
				CLANG_WARN_COMMA = YES;
				CLANG_WARN_CONSTANT_CONVERSION = YES;
				CLANG_WARN_DIRECT_OBJC_ISA_USAGE = YES_ERROR;
				CLANG_WARN_DOCUMENTATION_COMMENTS = YES;
				CLANG_WARN_EMPTY_BODY = YES;
				CLANG_WARN_ENUM_CONVERSION = YES;
				CLANG_WARN_INFINITE_RECURSION = YES;
				CLANG_WARN_INT_CONVERSION = YES;
				CLANG_WARN_NON_LITERAL_NULL_CONVERSION = YES;
				CLANG_WARN_OBJC_LITERAL_CONVERSION = YES;
				CLANG_WARN_OBJC_ROOT_CLASS = YES_ERROR;
				CLANG_WARN_RANGE_LOOP_ANALYSIS = YES;
				CLANG_WARN_STRICT_PROTOTYPES = YES;
				CLANG_WARN_SUSPICIOUS_MOVE = YES;
				CLANG_WARN_UNGUARDED_AVAILABILITY = YES_AGGRESSIVE;
				CLANG_WARN_UNREACHABLE_CODE = YES;
				CLANG_WARN__DUPLICATE_METHOD_MATCH = YES;
				CODE_SIGN_IDENTITY = "iPhone Developer";
				COPY_PHASE_STRIP = NO;
				DEBUG_INFORMATION_FORMAT = "dwarf-with-dsym";
				ENABLE_NS_ASSERTIONS = NO;
				ENABLE_STRICT_OBJC_MSGSEND = YES;
				GCC_C_LANGUAGE_STANDARD = gnu11;
				GCC_NO_COMMON_BLOCKS = YES;
				GCC_WARN_64_TO_32_BIT_CONVERSION = YES;
				GCC_WARN_ABOUT_RETURN_TYPE = YES_ERROR;
				GCC_WARN_UNDECLARED_SELECTOR = YES;
				GCC_WARN_UNINITIALIZED_AUTOS = YES_AGGRESSIVE;
				GCC_WARN_UNUSED_FUNCTION = YES;
				GCC_WARN_UNUSED_VARIABLE = YES;
				IPHONEOS_DEPLOYMENT_TARGET = 11.2;
				MTL_ENABLE_DEBUG_INFO = NO;
				SDKROOT = iphoneos;
				SWIFT_OPTIMIZATION_LEVEL = "-Owholemodule";
				VALIDATE_PRODUCT = YES;
			};
			name = Release;
		};
		42805F172206955B006605B6 /* Debug */ = {
			isa = XCBuildConfiguration;
			buildSettings = {
				ASSETCATALOG_COMPILER_APPICON_NAME = AppIcon;
				CODE_SIGN_STYLE = Automatic;
				INFOPLIST_FILE = Gululi/Info.plist;
				LD_RUNPATH_SEARCH_PATHS = "$(inherited) @executable_path/Frameworks";
				PRODUCT_BUNDLE_IDENTIFIER = gululi.Gululi;
				PRODUCT_NAME = "$(TARGET_NAME)";
				SWIFT_VERSION = 4.0;
				TARGETED_DEVICE_FAMILY = "1,2";
			};
			name = Debug;
		};
		42805F182206955B006605B6 /* Release */ = {
			isa = XCBuildConfiguration;
			buildSettings = {
				ASSETCATALOG_COMPILER_APPICON_NAME = AppIcon;
				CODE_SIGN_STYLE = Automatic;
				INFOPLIST_FILE = Gululi/Info.plist;
				LD_RUNPATH_SEARCH_PATHS = "$(inherited) @executable_path/Frameworks";
				PRODUCT_BUNDLE_IDENTIFIER = gululi.Gululi;
				PRODUCT_NAME = "$(TARGET_NAME)";
				SWIFT_VERSION = 4.0;
				TARGETED_DEVICE_FAMILY = "1,2";
			};
			name = Release;
		};
		42805F1A2206955B006605B6 /* Debug */ = {
			isa = XCBuildConfiguration;
			buildSettings = {
				ALWAYS_EMBED_SWIFT_STANDARD_LIBRARIES = YES;
				BUNDLE_LOADER = "$(TEST_HOST)";
				CODE_SIGN_STYLE = Automatic;
				INFOPLIST_FILE = GululiTests/Info.plist;
				LD_RUNPATH_SEARCH_PATHS = "$(inherited) @executable_path/Frameworks @loader_path/Frameworks";
				PRODUCT_BUNDLE_IDENTIFIER = gululi.GululiTests;
				PRODUCT_NAME = "$(TARGET_NAME)";
				SWIFT_VERSION = 4.0;
				TARGETED_DEVICE_FAMILY = "1,2";
				TEST_HOST = "$(BUILT_PRODUCTS_DIR)/Gululi.app/Gululi";
			};
			name = Debug;
		};
		42805F1B2206955B006605B6 /* Release */ = {
			isa = XCBuildConfiguration;
			buildSettings = {
				ALWAYS_EMBED_SWIFT_STANDARD_LIBRARIES = YES;
				BUNDLE_LOADER = "$(TEST_HOST)";
				CODE_SIGN_STYLE = Automatic;
				INFOPLIST_FILE = GululiTests/Info.plist;
				LD_RUNPATH_SEARCH_PATHS = "$(inherited) @executable_path/Frameworks @loader_path/Frameworks";
				PRODUCT_BUNDLE_IDENTIFIER = gululi.GululiTests;
				PRODUCT_NAME = "$(TARGET_NAME)";
				SWIFT_VERSION = 4.0;
				TARGETED_DEVICE_FAMILY = "1,2";
				TEST_HOST = "$(BUILT_PRODUCTS_DIR)/Gululi.app/Gululi";
			};
			name = Release;
		};
		42805F1D2206955B006605B6 /* Debug */ = {
			isa = XCBuildConfiguration;
			buildSettings = {
				ALWAYS_EMBED_SWIFT_STANDARD_LIBRARIES = YES;
				CODE_SIGN_STYLE = Automatic;
				INFOPLIST_FILE = GululiUITests/Info.plist;
				LD_RUNPATH_SEARCH_PATHS = "$(inherited) @executable_path/Frameworks @loader_path/Frameworks";
				PRODUCT_BUNDLE_IDENTIFIER = gululi.GululiUITests;
				PRODUCT_NAME = "$(TARGET_NAME)";
				SWIFT_VERSION = 4.0;
				TARGETED_DEVICE_FAMILY = "1,2";
				TEST_TARGET_NAME = Gululi;
			};
			name = Debug;
		};
		42805F1E2206955B006605B6 /* Release */ = {
			isa = XCBuildConfiguration;
			buildSettings = {
				ALWAYS_EMBED_SWIFT_STANDARD_LIBRARIES = YES;
				CODE_SIGN_STYLE = Automatic;
				INFOPLIST_FILE = GululiUITests/Info.plist;
				LD_RUNPATH_SEARCH_PATHS = "$(inherited) @executable_path/Frameworks @loader_path/Frameworks";
				PRODUCT_BUNDLE_IDENTIFIER = gululi.GululiUITests;
				PRODUCT_NAME = "$(TARGET_NAME)";
				SWIFT_VERSION = 4.0;
				TARGETED_DEVICE_FAMILY = "1,2";
				TEST_TARGET_NAME = Gululi;
			};
			name = Release;
		};
/* End XCBuildConfiguration section */

/* Begin XCConfigurationList section */
		42805EE92206955B006605B6 /* Build configuration list for PBXProject "Gululi" */ = {
			isa = XCConfigurationList;
			buildConfigurations = (
				42805F142206955B006605B6 /* Debug */,
				42805F152206955B006605B6 /* Release */,
			);
			defaultConfigurationIsVisible = 0;
			defaultConfigurationName = Release;
		};
		42805F162206955B006605B6 /* Build configuration list for PBXNativeTarget "Gululi" */ = {
			isa = XCConfigurationList;
			buildConfigurations = (
				42805F172206955B006605B6 /* Debug */,
				42805F182206955B006605B6 /* Release */,
			);
			defaultConfigurationIsVisible = 0;
			defaultConfigurationName = Release;
		};
		42805F192206955B006605B6 /* Build configuration list for PBXNativeTarget "GululiTests" */ = {
			isa = XCConfigurationList;
			buildConfigurations = (
				42805F1A2206955B006605B6 /* Debug */,
				42805F1B2206955B006605B6 /* Release */,
			);
			defaultConfigurationIsVisible = 0;
			defaultConfigurationName = Release;
		};
		42805F1C2206955B006605B6 /* Build configuration list for PBXNativeTarget "GululiUITests" */ = {
			isa = XCConfigurationList;
			buildConfigurations = (
				42805F1D2206955B006605B6 /* Debug */,
				42805F1E2206955B006605B6 /* Release */,
			);
			defaultConfigurationIsVisible = 0;
			defaultConfigurationName = Release;
		};
/* End XCConfigurationList section */
	};
	rootObject = 42805EE62206955B006605B6 /* Project object */;
}
